
Microsoft Visual Studio Solution File, Format Version 12.00
# Visual Studio 15
VisualStudioVersion = 15.0.28307.136
MinimumVisualStudioVersion = 10.0.40219.1
Project("{FAE04EC0-301F-11D3-BF4B-00C04F79EFBC}") = "Report", "Report\Report.csproj", "{894472CB-A68E-4E73-B443-A8ADB7F38136}"
EndProject
Project("{9A19103F-16F7-4668-BE54-9A1E7A4F7556}") = "CPApp", "CPApp\CPApp\CPApp.csproj", "{8E8EE395-774D-4566-83B0-ED7B7BE995C5}"
EndProject
Project("{FAE04EC0-301F-11D3-BF4B-00C04F79EFBC}") = "CPApp.Android", "CPApp\CPApp.Android\CPApp.Android.csproj", "{F8BCA8C9-B833-45A8-B9D6-407D0506A3E5}"
EndProject
Project("{FAE04EC0-301F-11D3-BF4B-00C04F79EFBC}") = "CPApp.iOS", "CPApp\CPApp.iOS\CPApp.iOS.csproj", "{3D1BC1A5-5A61-482C-A84E-CCA490B6B498}"
EndProject
Global
	GlobalSection(SolutionConfigurationPlatforms) = preSolution
		Ad-Hoc|Any CPU = Ad-Hoc|Any CPU
		Ad-Hoc|iPhone = Ad-Hoc|iPhone
		Ad-Hoc|iPhoneSimulator = Ad-Hoc|iPhoneSimulator
		AppStore|Any CPU = AppStore|Any CPU
		AppStore|iPhone = AppStore|iPhone
		AppStore|iPhoneSimulator = AppStore|iPhoneSimulator
		Debug|Any CPU = Debug|Any CPU
		Debug|iPhone = Debug|iPhone
		Debug|iPhoneSimulator = Debug|iPhoneSimulator
		Release|Any CPU = Release|Any CPU
		Release|iPhone = Release|iPhone
		Release|iPhoneSimulator = Release|iPhoneSimulator
	EndGlobalSection
	GlobalSection(ProjectConfigurationPlatforms) = postSolution
		{894472CB-A68E-4E73-B443-A8ADB7F38136}.Ad-Hoc|Any CPU.ActiveCfg = Release|Any CPU
		{894472CB-A68E-4E73-B443-A8ADB7F38136}.Ad-Hoc|Any CPU.Build.0 = Release|Any CPU
		{894472CB-A68E-4E73-B443-A8ADB7F38136}.Ad-Hoc|iPhone.ActiveCfg = Release|Any CPU
		{894472CB-A68E-4E73-B443-A8ADB7F38136}.Ad-Hoc|iPhone.Build.0 = Release|Any CPU
		{894472CB-A68E-4E73-B443-A8ADB7F38136}.Ad-Hoc|iPhoneSimulator.ActiveCfg = Release|Any CPU
		{894472CB-A68E-4E73-B443-A8ADB7F38136}.Ad-Hoc|iPhoneSimulator.Build.0 = Release|Any CPU
		{894472CB-A68E-4E73-B443-A8ADB7F38136}.AppStore|Any CPU.ActiveCfg = Release|Any CPU
		{894472CB-A68E-4E73-B443-A8ADB7F38136}.AppStore|Any CPU.Build.0 = Release|Any CPU
		{894472CB-A68E-4E73-B443-A8ADB7F38136}.AppStore|iPhone.ActiveCfg = Release|Any CPU
		{894472CB-A68E-4E73-B443-A8ADB7F38136}.AppStore|iPhone.Build.0 = Release|Any CPU
		{894472CB-A68E-4E73-B443-A8ADB7F38136}.AppStore|iPhoneSimulator.ActiveCfg = Release|Any CPU
		{894472CB-A68E-4E73-B443-A8ADB7F38136}.AppStore|iPhoneSimulator.Build.0 = Release|Any CPU
		{894472CB-A68E-4E73-B443-A8ADB7F38136}.Debug|Any CPU.ActiveCfg = Debug|Any CPU
		{894472CB-A68E-4E73-B443-A8ADB7F38136}.Debug|Any CPU.Build.0 = Debug|Any CPU
		{894472CB-A68E-4E73-B443-A8ADB7F38136}.Debug|iPhone.ActiveCfg = Debug|Any CPU
		{894472CB-A68E-4E73-B443-A8ADB7F38136}.Debug|iPhone.Build.0 = Debug|Any CPU
		{894472CB-A68E-4E73-B443-A8ADB7F38136}.Debug|iPhoneSimulator.ActiveCfg = Debug|Any CPU
		{894472CB-A68E-4E73-B443-A8ADB7F38136}.Debug|iPhoneSimulator.Build.0 = Debug|Any CPU
		{894472CB-A68E-4E73-B443-A8ADB7F38136}.Release|Any CPU.ActiveCfg = Release|Any CPU
		{894472CB-A68E-4E73-B443-A8ADB7F38136}.Release|Any CPU.Build.0 = Release|Any CPU
		{894472CB-A68E-4E73-B443-A8ADB7F38136}.Release|iPhone.ActiveCfg = Release|Any CPU
		{894472CB-A68E-4E73-B443-A8ADB7F38136}.Release|iPhone.Build.0 = Release|Any CPU
		{894472CB-A68E-4E73-B443-A8ADB7F38136}.Release|iPhoneSimulator.ActiveCfg = Release|Any CPU
		{894472CB-A68E-4E73-B443-A8ADB7F38136}.Release|iPhoneSimulator.Build.0 = Release|Any CPU
		{8E8EE395-774D-4566-83B0-ED7B7BE995C5}.Ad-Hoc|Any CPU.ActiveCfg = Debug|Any CPU
		{8E8EE395-774D-4566-83B0-ED7B7BE995C5}.Ad-Hoc|Any CPU.Build.0 = Debug|Any CPU
		{8E8EE395-774D-4566-83B0-ED7B7BE995C5}.Ad-Hoc|iPhone.ActiveCfg = Debug|Any CPU
		{8E8EE395-774D-4566-83B0-ED7B7BE995C5}.Ad-Hoc|iPhone.Build.0 = Debug|Any CPU
		{8E8EE395-774D-4566-83B0-ED7B7BE995C5}.Ad-Hoc|iPhoneSimulator.ActiveCfg = Debug|Any CPU
		{8E8EE395-774D-4566-83B0-ED7B7BE995C5}.Ad-Hoc|iPhoneSimulator.Build.0 = Debug|Any CPU
		{8E8EE395-774D-4566-83B0-ED7B7BE995C5}.AppStore|Any CPU.ActiveCfg = Debug|Any CPU
		{8E8EE395-774D-4566-83B0-ED7B7BE995C5}.AppStore|Any CPU.Build.0 = Debug|Any CPU
		{8E8EE395-774D-4566-83B0-ED7B7BE995C5}.AppStore|iPhone.ActiveCfg = Debug|Any CPU
		{8E8EE395-774D-4566-83B0-ED7B7BE995C5}.AppStore|iPhone.Build.0 = Debug|Any CPU
		{8E8EE395-774D-4566-83B0-ED7B7BE995C5}.AppStore|iPhoneSimulator.ActiveCfg = Debug|Any CPU
		{8E8EE395-774D-4566-83B0-ED7B7BE995C5}.AppStore|iPhoneSimulator.Build.0 = Debug|Any CPU
		{8E8EE395-774D-4566-83B0-ED7B7BE995C5}.Debug|Any CPU.ActiveCfg = Debug|Any CPU
		{8E8EE395-774D-4566-83B0-ED7B7BE995C5}.Debug|Any CPU.Build.0 = Debug|Any CPU
		{8E8EE395-774D-4566-83B0-ED7B7BE995C5}.Debug|iPhone.ActiveCfg = Debug|Any CPU
		{8E8EE395-774D-4566-83B0-ED7B7BE995C5}.Debug|iPhone.Build.0 = Debug|Any CPU
		{8E8EE395-774D-4566-83B0-ED7B7BE995C5}.Debug|iPhoneSimulator.ActiveCfg = Debug|Any CPU
		{8E8EE395-774D-4566-83B0-ED7B7BE995C5}.Debug|iPhoneSimulator.Build.0 = Debug|Any CPU
		{8E8EE395-774D-4566-83B0-ED7B7BE995C5}.Release|Any CPU.ActiveCfg = Release|Any CPU
		{8E8EE395-774D-4566-83B0-ED7B7BE995C5}.Release|Any CPU.Build.0 = Release|Any CPU
		{8E8EE395-774D-4566-83B0-ED7B7BE995C5}.Release|iPhone.ActiveCfg = Release|Any CPU
		{8E8EE395-774D-4566-83B0-ED7B7BE995C5}.Release|iPhone.Build.0 = Release|Any CPU
		{8E8EE395-774D-4566-83B0-ED7B7BE995C5}.Release|iPhoneSimulator.ActiveCfg = Release|Any CPU
		{8E8EE395-774D-4566-83B0-ED7B7BE995C5}.Release|iPhoneSimulator.Build.0 = Release|Any CPU
		{F8BCA8C9-B833-45A8-B9D6-407D0506A3E5}.Ad-Hoc|Any CPU.ActiveCfg = Release|Any CPU
		{F8BCA8C9-B833-45A8-B9D6-407D0506A3E5}.Ad-Hoc|Any CPU.Build.0 = Release|Any CPU
		{F8BCA8C9-B833-45A8-B9D6-407D0506A3E5}.Ad-Hoc|Any CPU.Deploy.0 = Release|Any CPU
		{F8BCA8C9-B833-45A8-B9D6-407D0506A3E5}.Ad-Hoc|iPhone.ActiveCfg = Release|Any CPU
		{F8BCA8C9-B833-45A8-B9D6-407D0506A3E5}.Ad-Hoc|iPhone.Build.0 = Release|Any CPU
		{F8BCA8C9-B833-45A8-B9D6-407D0506A3E5}.Ad-Hoc|iPhone.Deploy.0 = Release|Any CPU
		{F8BCA8C9-B833-45A8-B9D6-407D0506A3E5}.Ad-Hoc|iPhoneSimulator.ActiveCfg = Release|Any CPU
		{F8BCA8C9-B833-45A8-B9D6-407D0506A3E5}.Ad-Hoc|iPhoneSimulator.Build.0 = Release|Any CPU
		{F8BCA8C9-B833-45A8-B9D6-407D0506A3E5}.Ad-Hoc|iPhoneSimulator.Deploy.0 = Release|Any CPU
		{F8BCA8C9-B833-45A8-B9D6-407D0506A3E5}.AppStore|Any CPU.ActiveCfg = Release|Any CPU
		{F8BCA8C9-B833-45A8-B9D6-407D0506A3E5}.AppStore|Any CPU.Build.0 = Release|Any CPU
		{F8BCA8C9-B833-45A8-B9D6-407D0506A3E5}.AppStore|Any CPU.Deploy.0 = Release|Any CPU
		{F8BCA8C9-B833-45A8-B9D6-407D0506A3E5}.AppStore|iPhone.ActiveCfg = Release|Any CPU
		{F8BCA8C9-B833-45A8-B9D6-407D0506A3E5}.AppStore|iPhone.Build.0 = Release|Any CPU
		{F8BCA8C9-B833-45A8-B9D6-407D0506A3E5}.AppStore|iPhone.Deploy.0 = Release|Any CPU
		{F8BCA8C9-B833-45A8-B9D6-407D0506A3E5}.AppStore|iPhoneSimulator.ActiveCfg = Release|Any CPU
		{F8BCA8C9-B833-45A8-B9D6-407D0506A3E5}.AppStore|iPhoneSimulator.Build.0 = Release|Any CPU
		{F8BCA8C9-B833-45A8-B9D6-407D0506A3E5}.AppStore|iPhoneSimulator.Deploy.0 = Release|Any CPU
		{F8BCA8C9-B833-45A8-B9D6-407D0506A3E5}.Debug|Any CPU.ActiveCfg = Debug|Any CPU
		{F8BCA8C9-B833-45A8-B9D6-407D0506A3E5}.Debug|Any CPU.Build.0 = Debug|Any CPU
		{F8BCA8C9-B833-45A8-B9D6-407D0506A3E5}.Debug|Any CPU.Deploy.0 = Debug|Any CPU
		{F8BCA8C9-B833-45A8-B9D6-407D0506A3E5}.Debug|iPhone.ActiveCfg = Debug|Any CPU
		{F8BCA8C9-B833-45A8-B9D6-407D0506A3E5}.Debug|iPhone.Build.0 = Debug|Any CPU
		{F8BCA8C9-B833-45A8-B9D6-407D0506A3E5}.Debug|iPhone.Deploy.0 = Debug|Any CPU
		{F8BCA8C9-B833-45A8-B9D6-407D0506A3E5}.Debug|iPhoneSimulator.ActiveCfg = Debug|Any CPU
		{F8BCA8C9-B833-45A8-B9D6-407D0506A3E5}.Debug|iPhoneSimulator.Build.0 = Debug|Any CPU
		{F8BCA8C9-B833-45A8-B9D6-407D0506A3E5}.Debug|iPhoneSimulator.Deploy.0 = Debug|Any CPU
		{F8BCA8C9-B833-45A8-B9D6-407D0506A3E5}.Release|Any CPU.ActiveCfg = Release|Any CPU
		{F8BCA8C9-B833-45A8-B9D6-407D0506A3E5}.Release|Any CPU.Build.0 = Release|Any CPU
		{F8BCA8C9-B833-45A8-B9D6-407D0506A3E5}.Release|Any CPU.Deploy.0 = Release|Any CPU
		{F8BCA8C9-B833-45A8-B9D6-407D0506A3E5}.Release|iPhone.ActiveCfg = Release|Any CPU
		{F8BCA8C9-B833-45A8-B9D6-407D0506A3E5}.Release|iPhone.Build.0 = Release|Any CPU
		{F8BCA8C9-B833-45A8-B9D6-407D0506A3E5}.Release|iPhone.Deploy.0 = Release|Any CPU
		{F8BCA8C9-B833-45A8-B9D6-407D0506A3E5}.Release|iPhoneSimulator.ActiveCfg = Release|Any CPU
		{F8BCA8C9-B833-45A8-B9D6-407D0506A3E5}.Release|iPhoneSimulator.Build.0 = Release|Any CPU
		{F8BCA8C9-B833-45A8-B9D6-407D0506A3E5}.Release|iPhoneSimulator.Deploy.0 = Release|Any CPU
		{3D1BC1A5-5A61-482C-A84E-CCA490B6B498}.Ad-Hoc|Any CPU.ActiveCfg = Ad-Hoc|iPhone
		{3D1BC1A5-5A61-482C-A84E-CCA490B6B498}.Ad-Hoc|iPhone.ActiveCfg = Ad-Hoc|iPhone
		{3D1BC1A5-5A61-482C-A84E-CCA490B6B498}.Ad-Hoc|iPhone.Build.0 = Ad-Hoc|iPhone
		{3D1BC1A5-5A61-482C-A84E-CCA490B6B498}.Ad-Hoc|iPhoneSimulator.ActiveCfg = Ad-Hoc|iPhoneSimulator
		{3D1BC1A5-5A61-482C-A84E-CCA490B6B498}.Ad-Hoc|iPhoneSimulator.Build.0 = Ad-Hoc|iPhoneSimulator
		{3D1BC1A5-5A61-482C-A84E-CCA490B6B498}.AppStore|Any CPU.ActiveCfg = AppStore|iPhone
		{3D1BC1A5-5A61-482C-A84E-CCA490B6B498}.AppStore|iPhone.ActiveCfg = AppStore|iPhone
		{3D1BC1A5-5A61-482C-A84E-CCA490B6B498}.AppStore|iPhone.Build.0 = AppStore|iPhone
		{3D1BC1A5-5A61-482C-A84E-CCA490B6B498}.AppStore|iPhoneSimulator.ActiveCfg = AppStore|iPhoneSimulator
		{3D1BC1A5-5A61-482C-A84E-CCA490B6B498}.AppStore|iPhoneSimulator.Build.0 = AppStore|iPhoneSimulator
		{3D1BC1A5-5A61-482C-A84E-CCA490B6B498}.Debug|Any CPU.ActiveCfg = Debug|iPhone
		{3D1BC1A5-5A61-482C-A84E-CCA490B6B498}.Debug|iPhone.ActiveCfg = Debug|iPhone
		{3D1BC1A5-5A61-482C-A84E-CCA490B6B498}.Debug|iPhone.Build.0 = Debug|iPhone
		{3D1BC1A5-5A61-482C-A84E-CCA490B6B498}.Debug|iPhoneSimulator.ActiveCfg = Debug|iPhoneSimulator
		{3D1BC1A5-5A61-482C-A84E-CCA490B6B498}.Debug|iPhoneSimulator.Build.0 = Debug|iPhoneSimulator
		{3D1BC1A5-5A61-482C-A84E-CCA490B6B498}.Release|Any CPU.ActiveCfg = Release|iPhone
		{3D1BC1A5-5A61-482C-A84E-CCA490B6B498}.Release|iPhone.ActiveCfg = Release|iPhone
		{3D1BC1A5-5A61-482C-A84E-CCA490B6B498}.Release|iPhone.Build.0 = Release|iPhone
		{3D1BC1A5-5A61-482C-A84E-CCA490B6B498}.Release|iPhoneSimulator.ActiveCfg = Release|iPhoneSimulator
		{3D1BC1A5-5A61-482C-A84E-CCA490B6B498}.Release|iPhoneSimulator.Build.0 = Release|iPhoneSimulator
	EndGlobalSection
	GlobalSection(SolutionProperties) = preSolution
		HideSolutionNode = FALSE
	EndGlobalSection
	GlobalSection(ExtensibilityGlobals) = postSolution
		SolutionGuid = {3FEEC014-B610-4353-8E69-E27ABB489F41}
	EndGlobalSection
EndGlobal
